
Microsoft Visual Studio Solution File, Format Version 12.00
# Visual Studio Version 17
VisualStudioVersion = 17.7.34202.233
MinimumVisualStudioVersion = 10.0.40219.1
Project("{9A19103F-16F7-4668-BE54-9A1E7A4F7556}") = "Exercício", "Exercício.csproj", "{95D23861-3789-4F1B-A4F1-047AA196EF3C}"
EndProject
Project("{FAE04EC0-301F-11D3-BF4B-00C04F79EFBC}") = "ex2", "..\ex2\ex2.csproj", "{DEB958B5-E7E0-4100-BA08-F5FCDB5E3E54}"
EndProject
Project("{FAE04EC0-301F-11D3-BF4B-00C04F79EFBC}") = "ex3", "..\ex3\ex3.csproj", "{7BF0B42F-9140-4ABC-8691-A59B26190E9C}"
EndProject
Project("{FAE04EC0-301F-11D3-BF4B-00C04F79EFBC}") = "ex4", "..\ex4\ex4.csproj", "{57407915-AD85-41A0-B0D8-9B1D70849D6D}"
EndProject
Global
	GlobalSection(SolutionConfigurationPlatforms) = preSolution
		Debug|Any CPU = Debug|Any CPU
		Release|Any CPU = Release|Any CPU
	EndGlobalSection
	GlobalSection(ProjectConfigurationPlatforms) = postSolution
		{95D23861-3789-4F1B-A4F1-047AA196EF3C}.Debug|Any CPU.ActiveCfg = Debug|Any CPU
		{95D23861-3789-4F1B-A4F1-047AA196EF3C}.Debug|Any CPU.Build.0 = Debug|Any CPU
		{95D23861-3789-4F1B-A4F1-047AA196EF3C}.Release|Any CPU.ActiveCfg = Release|Any CPU
		{95D23861-3789-4F1B-A4F1-047AA196EF3C}.Release|Any CPU.Build.0 = Release|Any CPU
		{DEB958B5-E7E0-4100-BA08-F5FCDB5E3E54}.Debug|Any CPU.ActiveCfg = Debug|Any CPU
		{DEB958B5-E7E0-4100-BA08-F5FCDB5E3E54}.Debug|Any CPU.Build.0 = Debug|Any CPU
		{DEB958B5-E7E0-4100-BA08-F5FCDB5E3E54}.Release|Any CPU.ActiveCfg = Release|Any CPU
		{DEB958B5-E7E0-4100-BA08-F5FCDB5E3E54}.Release|Any CPU.Build.0 = Release|Any CPU
		{7BF0B42F-9140-4ABC-8691-A59B26190E9C}.Debug|Any CPU.ActiveCfg = Debug|Any CPU
		{7BF0B42F-9140-4ABC-8691-A59B26190E9C}.Debug|Any CPU.Build.0 = Debug|Any CPU
		{7BF0B42F-9140-4ABC-8691-A59B26190E9C}.Release|Any CPU.ActiveCfg = Release|Any CPU
		{7BF0B42F-9140-4ABC-8691-A59B26190E9C}.Release|Any CPU.Build.0 = Release|Any CPU
		{57407915-AD85-41A0-B0D8-9B1D70849D6D}.Debug|Any CPU.ActiveCfg = Debug|Any CPU
		{57407915-AD85-41A0-B0D8-9B1D70849D6D}.Debug|Any CPU.Build.0 = Debug|Any CPU
		{57407915-AD85-41A0-B0D8-9B1D70849D6D}.Release|Any CPU.ActiveCfg = Release|Any CPU
		{57407915-AD85-41A0-B0D8-9B1D70849D6D}.Release|Any CPU.Build.0 = Release|Any CPU
	EndGlobalSection
	GlobalSection(SolutionProperties) = preSolution
		HideSolutionNode = FALSE
	EndGlobalSection
	GlobalSection(ExtensibilityGlobals) = postSolution
		SolutionGuid = {EF115C5E-42AD-4FB7-ACBE-279E82F53943}
	EndGlobalSection
EndGlobal
